
Microsoft Visual Studio Solution File, Format Version 12.00
# Visual Studio 15
VisualStudioVersion = 15.0.27004.2010
MinimumVisualStudioVersion = 10.0.40219.1
Project("{9A19103F-16F7-4668-BE54-9A1E7A4F7556}") = "Dependency.Core", "src\Dependency.Core\Dependency.Core.csproj", "{5E877BAE-BE78-4AC6-91FA-C31DD50C8765}"
EndProject
Project("{2150E333-8FDC-42A3-9474-1A3956D46DE8}") = "Samples", "Samples", "{820142E6-2C1E-4F07-A4AE-58015C343026}"
EndProject
Project("{9A19103F-16F7-4668-BE54-9A1E7A4F7556}") = "DependencyTrackerConsole", "samples\DependencyTrackerConsole\DependencyTrackerConsole.csproj", "{99DE8301-245E-4ED1-B6E2-A94C85ECB72B}"
EndProject
Project("{9A19103F-16F7-4668-BE54-9A1E7A4F7556}") = "DependencyLoader.Location", "src\DependencyLoader.Location\DependencyLoader.Location.csproj", "{1CC7B9FA-43EC-4500-B71B-CBEA7CEB1D7A}"
EndProject
Project("{9A19103F-16F7-4668-BE54-9A1E7A4F7556}") = "DependencyReader.NuGet", "src\DependencyReader.NuGet\DependencyReader.NuGet.csproj", "{1380F947-8CD5-438A-9E5E-248B3B90E773}"
EndProject
Project("{9A19103F-16F7-4668-BE54-9A1E7A4F7556}") = "DependencyWriter.Mssql", "src\DependencyWriter.Mssql\DependencyWriter.Mssql.csproj", "{991786B7-58E3-456C-A5C1-90D51DFD919A}"
EndProject
Project("{9A19103F-16F7-4668-BE54-9A1E7A4F7556}") = "DependencyLoader.Git", "src\DependencyLoader.Git\DependencyLoader.Git.csproj", "{15DE6B46-3F9C-4DC1-87DD-B888B400B34B}"
EndProject
Global
	GlobalSection(SolutionConfigurationPlatforms) = preSolution
		Debug|Any CPU = Debug|Any CPU
		Release|Any CPU = Release|Any CPU
	EndGlobalSection
	GlobalSection(ProjectConfigurationPlatforms) = postSolution
		{5E877BAE-BE78-4AC6-91FA-C31DD50C8765}.Debug|Any CPU.ActiveCfg = Debug|Any CPU
		{5E877BAE-BE78-4AC6-91FA-C31DD50C8765}.Debug|Any CPU.Build.0 = Debug|Any CPU
		{5E877BAE-BE78-4AC6-91FA-C31DD50C8765}.Release|Any CPU.ActiveCfg = Release|Any CPU
		{5E877BAE-BE78-4AC6-91FA-C31DD50C8765}.Release|Any CPU.Build.0 = Release|Any CPU
		{99DE8301-245E-4ED1-B6E2-A94C85ECB72B}.Debug|Any CPU.ActiveCfg = Debug|Any CPU
		{99DE8301-245E-4ED1-B6E2-A94C85ECB72B}.Debug|Any CPU.Build.0 = Debug|Any CPU
		{99DE8301-245E-4ED1-B6E2-A94C85ECB72B}.Release|Any CPU.ActiveCfg = Release|Any CPU
		{1CC7B9FA-43EC-4500-B71B-CBEA7CEB1D7A}.Debug|Any CPU.ActiveCfg = Debug|Any CPU
		{1CC7B9FA-43EC-4500-B71B-CBEA7CEB1D7A}.Debug|Any CPU.Build.0 = Debug|Any CPU
		{1CC7B9FA-43EC-4500-B71B-CBEA7CEB1D7A}.Release|Any CPU.ActiveCfg = Release|Any CPU
		{1CC7B9FA-43EC-4500-B71B-CBEA7CEB1D7A}.Release|Any CPU.Build.0 = Release|Any CPU
		{1380F947-8CD5-438A-9E5E-248B3B90E773}.Debug|Any CPU.ActiveCfg = Debug|Any CPU
		{1380F947-8CD5-438A-9E5E-248B3B90E773}.Debug|Any CPU.Build.0 = Debug|Any CPU
		{1380F947-8CD5-438A-9E5E-248B3B90E773}.Release|Any CPU.ActiveCfg = Release|Any CPU
		{1380F947-8CD5-438A-9E5E-248B3B90E773}.Release|Any CPU.Build.0 = Release|Any CPU
		{991786B7-58E3-456C-A5C1-90D51DFD919A}.Debug|Any CPU.ActiveCfg = Debug|Any CPU
		{991786B7-58E3-456C-A5C1-90D51DFD919A}.Debug|Any CPU.Build.0 = Debug|Any CPU
		{991786B7-58E3-456C-A5C1-90D51DFD919A}.Release|Any CPU.ActiveCfg = Release|Any CPU
		{991786B7-58E3-456C-A5C1-90D51DFD919A}.Release|Any CPU.Build.0 = Release|Any CPU
		{15DE6B46-3F9C-4DC1-87DD-B888B400B34B}.Debug|Any CPU.ActiveCfg = Debug|Any CPU
		{15DE6B46-3F9C-4DC1-87DD-B888B400B34B}.Debug|Any CPU.Build.0 = Debug|Any CPU
		{15DE6B46-3F9C-4DC1-87DD-B888B400B34B}.Release|Any CPU.ActiveCfg = Release|Any CPU
		{15DE6B46-3F9C-4DC1-87DD-B888B400B34B}.Release|Any CPU.Build.0 = Release|Any CPU
	EndGlobalSection
	GlobalSection(SolutionProperties) = preSolution
		HideSolutionNode = FALSE
	EndGlobalSection
	GlobalSection(NestedProjects) = preSolution
		{99DE8301-245E-4ED1-B6E2-A94C85ECB72B} = {820142E6-2C1E-4F07-A4AE-58015C343026}
	EndGlobalSection
	GlobalSection(ExtensibilityGlobals) = postSolution
		SolutionGuid = {B95C67B7-FD2C-46B7-9743-DF96F220E49B}
	EndGlobalSection
EndGlobal
