
Microsoft Visual Studio Solution File, Format Version 12.00
# Visual Studio 15
VisualStudioVersion = 15.0.27130.0
MinimumVisualStudioVersion = 10.0.40219.1
Project("{9A19103F-16F7-4668-BE54-9A1E7A4F7556}") = "Dependency.Core", "src\Dependency.Core\Dependency.Core.csproj", "{5E877BAE-BE78-4AC6-91FA-C31DD50C8765}"
EndProject
Project("{2150E333-8FDC-42A3-9474-1A3956D46DE8}") = "Samples", "Samples", "{820142E6-2C1E-4F07-A4AE-58015C343026}"
EndProject
Project("{9A19103F-16F7-4668-BE54-9A1E7A4F7556}") = "DependencyTrackerConsole", "samples\DependencyTrackerConsole\DependencyTrackerConsole.csproj", "{99DE8301-245E-4ED1-B6E2-A94C85ECB72B}"
EndProject
Project("{9A19103F-16F7-4668-BE54-9A1E7A4F7556}") = "DependencyLoader.Location", "src\DependencyLoader.Location\DependencyLoader.Location.csproj", "{1CC7B9FA-43EC-4500-B71B-CBEA7CEB1D7A}"
EndProject
Project("{9A19103F-16F7-4668-BE54-9A1E7A4F7556}") = "DependencyReader.NuGet", "src\DependencyReader.NuGet\DependencyReader.NuGet.csproj", "{1380F947-8CD5-438A-9E5E-248B3B90E773}"
EndProject
Project("{9A19103F-16F7-4668-BE54-9A1E7A4F7556}") = "DependencyWriter.Mssql", "src\DependencyWriter.Mssql\DependencyWriter.Mssql.csproj", "{991786B7-58E3-456C-A5C1-90D51DFD919A}"
EndProject
Project("{2150E333-8FDC-42A3-9474-1A3956D46DE8}") = "Build", "Build", "{EDE6823E-37D8-4A15-BD82-6BCA8FB31AF2}"
	ProjectSection(SolutionItems) = preProject
		build\build.ps1 = build\build.ps1
	EndProjectSection
EndProject
Project("{2150E333-8FDC-42A3-9474-1A3956D46DE8}") = "Solution Items", "Solution Items", "{DE6EC6C0-BE23-479D-B418-CA6D912BC2E4}"
	ProjectSection(SolutionItems) = preProject
		.gitignore = .gitignore
		LICENSE = LICENSE
	EndProjectSection
EndProject
Project("{9A19103F-16F7-4668-BE54-9A1E7A4F7556}") = "DependencyLoader.Git", "src\DependencyLoader.Git\DependencyLoader.Git.csproj", "{4D233E6F-C2A5-4772-9C5C-5441CE36C622}"
EndProject
Project("{9A19103F-16F7-4668-BE54-9A1E7A4F7556}") = "DependencyWriter.Console", "src\DependencyWriter.Console\DependencyWriter.Console.csproj", "{2883630B-CF32-4E8F-98E1-D2FD5BA3B337}"
EndProject
Project("{9A19103F-16F7-4668-BE54-9A1E7A4F7556}") = "DependencyWriter.Json", "src\DependencyWriter.Json\DependencyWriter.Json.csproj", "{93D1D27D-751C-495A-B7B3-778A9EC6989B}"
EndProject
Global
	GlobalSection(SolutionConfigurationPlatforms) = preSolution
		Debug|Any CPU = Debug|Any CPU
		Release|Any CPU = Release|Any CPU
	EndGlobalSection
	GlobalSection(ProjectConfigurationPlatforms) = postSolution
		{5E877BAE-BE78-4AC6-91FA-C31DD50C8765}.Debug|Any CPU.ActiveCfg = Debug|Any CPU
		{5E877BAE-BE78-4AC6-91FA-C31DD50C8765}.Debug|Any CPU.Build.0 = Debug|Any CPU
		{5E877BAE-BE78-4AC6-91FA-C31DD50C8765}.Release|Any CPU.ActiveCfg = Release|Any CPU
		{5E877BAE-BE78-4AC6-91FA-C31DD50C8765}.Release|Any CPU.Build.0 = Release|Any CPU
		{99DE8301-245E-4ED1-B6E2-A94C85ECB72B}.Debug|Any CPU.ActiveCfg = Debug|Any CPU
		{99DE8301-245E-4ED1-B6E2-A94C85ECB72B}.Debug|Any CPU.Build.0 = Debug|Any CPU
		{99DE8301-245E-4ED1-B6E2-A94C85ECB72B}.Release|Any CPU.ActiveCfg = Release|Any CPU
		{1CC7B9FA-43EC-4500-B71B-CBEA7CEB1D7A}.Debug|Any CPU.ActiveCfg = Debug|Any CPU
		{1CC7B9FA-43EC-4500-B71B-CBEA7CEB1D7A}.Debug|Any CPU.Build.0 = Debug|Any CPU
		{1CC7B9FA-43EC-4500-B71B-CBEA7CEB1D7A}.Release|Any CPU.ActiveCfg = Release|Any CPU
		{1CC7B9FA-43EC-4500-B71B-CBEA7CEB1D7A}.Release|Any CPU.Build.0 = Release|Any CPU
		{1380F947-8CD5-438A-9E5E-248B3B90E773}.Debug|Any CPU.ActiveCfg = Debug|Any CPU
		{1380F947-8CD5-438A-9E5E-248B3B90E773}.Debug|Any CPU.Build.0 = Debug|Any CPU
		{1380F947-8CD5-438A-9E5E-248B3B90E773}.Release|Any CPU.ActiveCfg = Release|Any CPU
		{1380F947-8CD5-438A-9E5E-248B3B90E773}.Release|Any CPU.Build.0 = Release|Any CPU
		{991786B7-58E3-456C-A5C1-90D51DFD919A}.Debug|Any CPU.ActiveCfg = Debug|Any CPU
		{991786B7-58E3-456C-A5C1-90D51DFD919A}.Debug|Any CPU.Build.0 = Debug|Any CPU
		{991786B7-58E3-456C-A5C1-90D51DFD919A}.Release|Any CPU.ActiveCfg = Release|Any CPU
		{991786B7-58E3-456C-A5C1-90D51DFD919A}.Release|Any CPU.Build.0 = Release|Any CPU
		{4D233E6F-C2A5-4772-9C5C-5441CE36C622}.Debug|Any CPU.ActiveCfg = Debug|Any CPU
		{4D233E6F-C2A5-4772-9C5C-5441CE36C622}.Debug|Any CPU.Build.0 = Debug|Any CPU
		{4D233E6F-C2A5-4772-9C5C-5441CE36C622}.Release|Any CPU.ActiveCfg = Release|Any CPU
		{4D233E6F-C2A5-4772-9C5C-5441CE36C622}.Release|Any CPU.Build.0 = Release|Any CPU
		{2883630B-CF32-4E8F-98E1-D2FD5BA3B337}.Debug|Any CPU.ActiveCfg = Debug|Any CPU
		{2883630B-CF32-4E8F-98E1-D2FD5BA3B337}.Debug|Any CPU.Build.0 = Debug|Any CPU
		{2883630B-CF32-4E8F-98E1-D2FD5BA3B337}.Release|Any CPU.ActiveCfg = Release|Any CPU
		{2883630B-CF32-4E8F-98E1-D2FD5BA3B337}.Release|Any CPU.Build.0 = Release|Any CPU
		{93D1D27D-751C-495A-B7B3-778A9EC6989B}.Debug|Any CPU.ActiveCfg = Debug|Any CPU
		{93D1D27D-751C-495A-B7B3-778A9EC6989B}.Debug|Any CPU.Build.0 = Debug|Any CPU
		{93D1D27D-751C-495A-B7B3-778A9EC6989B}.Release|Any CPU.ActiveCfg = Release|Any CPU
		{93D1D27D-751C-495A-B7B3-778A9EC6989B}.Release|Any CPU.Build.0 = Release|Any CPU
	EndGlobalSection
	GlobalSection(SolutionProperties) = preSolution
		HideSolutionNode = FALSE
	EndGlobalSection
	GlobalSection(NestedProjects) = preSolution
		{99DE8301-245E-4ED1-B6E2-A94C85ECB72B} = {820142E6-2C1E-4F07-A4AE-58015C343026}
	EndGlobalSection
	GlobalSection(ExtensibilityGlobals) = postSolution
		SolutionGuid = {B95C67B7-FD2C-46B7-9743-DF96F220E49B}
	EndGlobalSection
EndGlobal
