
Microsoft Visual Studio Solution File, Format Version 12.00
# Visual Studio 15
VisualStudioVersion = 15.0.27130.2010
MinimumVisualStudioVersion = 10.0.40219.1
Project("{2150E333-8FDC-42A3-9474-1A3956D46DE8}") = "Samples", "Samples", "{820142E6-2C1E-4F07-A4AE-58015C343026}"
EndProject
Project("{2150E333-8FDC-42A3-9474-1A3956D46DE8}") = "Build", "Build", "{EDE6823E-37D8-4A15-BD82-6BCA8FB31AF2}"
	ProjectSection(SolutionItems) = preProject
		build\build.ps1 = build\build.ps1
		build\test.ps1 = build\test.ps1
	EndProjectSection
EndProject
Project("{2150E333-8FDC-42A3-9474-1A3956D46DE8}") = "Solution Items", "Solution Items", "{DE6EC6C0-BE23-479D-B418-CA6D912BC2E4}"
	ProjectSection(SolutionItems) = preProject
		.gitignore = .gitignore
		appveyor.yml = appveyor.yml
		global.json = global.json
		LICENSE = LICENSE
		README.md = README.md
	EndProjectSection
EndProject
Project("{FAE04EC0-301F-11D3-BF4B-00C04F79EFBC}") = "DependencyTrackerConsole", "samples\DependencyTrackerConsole\DependencyTrackerConsole.csproj", "{05A90B6A-B206-42EC-9FBE-EBF7C8C54DEF}"
EndProject
Project("{9A19103F-16F7-4668-BE54-9A1E7A4F7556}") = "DependencyTracker.Core", "src\DependencyTracker.Core\DependencyTracker.Core.csproj", "{EB35E5BC-A8B9-4D4D-8F46-F5D10DD5B58C}"
EndProject
Project("{9A19103F-16F7-4668-BE54-9A1E7A4F7556}") = "DependencyTracker.GitLoader", "src\DependencyTracker.GitLoader\DependencyTracker.GitLoader.csproj", "{27BEFEAF-C092-4687-9930-75AAF1A5536E}"
EndProject
Project("{9A19103F-16F7-4668-BE54-9A1E7A4F7556}") = "DependencyTracker.LocationLoader", "src\DependencyTracker.LocationLoader\DependencyTracker.LocationLoader.csproj", "{43C21144-FAA1-4DFB-AC67-333FED13C82D}"
EndProject
Project("{9A19103F-16F7-4668-BE54-9A1E7A4F7556}") = "DependencyTracker.MssqlWriter", "src\DependencyTracker.MssqlWriter\DependencyTracker.MssqlWriter.csproj", "{10EA5432-4A13-4783-A95F-EC90F7930E6E}"
EndProject
Project("{9A19103F-16F7-4668-BE54-9A1E7A4F7556}") = "DependencyTracker.NpmReader", "src\DependencyTracker.NpmReader\DependencyTracker.NpmReader.csproj", "{07682DE4-7BB4-4244-B620-F6CE0380A92C}"
EndProject
Project("{9A19103F-16F7-4668-BE54-9A1E7A4F7556}") = "DependencyTracker.NuGetReader", "src\DependencyTracker.NuGetReader\DependencyTracker.NuGetReader.csproj", "{C24BDC52-4828-4039-BEF7-8F3068C008DE}"
EndProject
Project("{9A19103F-16F7-4668-BE54-9A1E7A4F7556}") = "DependencyTracker.LibManReader", "src\DependencyTracker.LibManReader\DependencyTracker.LibManReader.csproj", "{59CF448A-AC7C-4E6E-B7C3-182F087F2D07}"
EndProject
Project("{9A19103F-16F7-4668-BE54-9A1E7A4F7556}") = "DependencyTracker.GemFileReader", "src\DependencyTracker.GemFileReader\DependencyTracker.GemFileReader.csproj", "{B17809AF-7838-46A9-95B8-E1A94D656ECC}"
EndProject
Project("{9A19103F-16F7-4668-BE54-9A1E7A4F7556}") = "DependencyTracker.DotWriter", "src\DependencyTracker.DotWriter\DependencyTracker.DotWriter.csproj", "{C202414E-60DD-483C-BF9D-C36C15EB168B}"
EndProject
Project("{9A19103F-16F7-4668-BE54-9A1E7A4F7556}") = "DependencyGraphGenerator", "samples\DependencyGraphGenerator\DependencyGraphGenerator.csproj", "{5B4FBEEE-827D-4FAA-A5D8-6BA29841E574}"
EndProject
Project("{FAE04EC0-301F-11D3-BF4B-00C04F79EFBC}") = "DependencyTracker.NuGetReader.Tests", "test\DependencyTracker.NuGetReader.Tests\DependencyTracker.NuGetReader.Tests.csproj", "{06627582-F703-44D3-ADCD-89D4E63C48ED}"
EndProject
Project("{2150E333-8FDC-42A3-9474-1A3956D46DE8}") = "Tests", "Tests", "{AFCF2473-12C8-4447-8455-364FE920B643}"
EndProject
Global
	GlobalSection(SolutionConfigurationPlatforms) = preSolution
		Debug|Any CPU = Debug|Any CPU
		Release|Any CPU = Release|Any CPU
	EndGlobalSection
	GlobalSection(ProjectConfigurationPlatforms) = postSolution
		{05A90B6A-B206-42EC-9FBE-EBF7C8C54DEF}.Debug|Any CPU.ActiveCfg = Debug|Any CPU
		{05A90B6A-B206-42EC-9FBE-EBF7C8C54DEF}.Debug|Any CPU.Build.0 = Debug|Any CPU
		{05A90B6A-B206-42EC-9FBE-EBF7C8C54DEF}.Release|Any CPU.ActiveCfg = Release|Any CPU
		{EB35E5BC-A8B9-4D4D-8F46-F5D10DD5B58C}.Debug|Any CPU.ActiveCfg = Debug|Any CPU
		{EB35E5BC-A8B9-4D4D-8F46-F5D10DD5B58C}.Debug|Any CPU.Build.0 = Debug|Any CPU
		{EB35E5BC-A8B9-4D4D-8F46-F5D10DD5B58C}.Release|Any CPU.ActiveCfg = Release|Any CPU
		{EB35E5BC-A8B9-4D4D-8F46-F5D10DD5B58C}.Release|Any CPU.Build.0 = Release|Any CPU
		{27BEFEAF-C092-4687-9930-75AAF1A5536E}.Debug|Any CPU.ActiveCfg = Debug|Any CPU
		{27BEFEAF-C092-4687-9930-75AAF1A5536E}.Debug|Any CPU.Build.0 = Debug|Any CPU
		{27BEFEAF-C092-4687-9930-75AAF1A5536E}.Release|Any CPU.ActiveCfg = Release|Any CPU
		{27BEFEAF-C092-4687-9930-75AAF1A5536E}.Release|Any CPU.Build.0 = Release|Any CPU
		{43C21144-FAA1-4DFB-AC67-333FED13C82D}.Debug|Any CPU.ActiveCfg = Debug|Any CPU
		{43C21144-FAA1-4DFB-AC67-333FED13C82D}.Debug|Any CPU.Build.0 = Debug|Any CPU
		{43C21144-FAA1-4DFB-AC67-333FED13C82D}.Release|Any CPU.ActiveCfg = Release|Any CPU
		{43C21144-FAA1-4DFB-AC67-333FED13C82D}.Release|Any CPU.Build.0 = Release|Any CPU
		{10EA5432-4A13-4783-A95F-EC90F7930E6E}.Debug|Any CPU.ActiveCfg = Debug|Any CPU
		{10EA5432-4A13-4783-A95F-EC90F7930E6E}.Debug|Any CPU.Build.0 = Debug|Any CPU
		{10EA5432-4A13-4783-A95F-EC90F7930E6E}.Release|Any CPU.ActiveCfg = Release|Any CPU
		{10EA5432-4A13-4783-A95F-EC90F7930E6E}.Release|Any CPU.Build.0 = Release|Any CPU
		{07682DE4-7BB4-4244-B620-F6CE0380A92C}.Debug|Any CPU.ActiveCfg = Debug|Any CPU
		{07682DE4-7BB4-4244-B620-F6CE0380A92C}.Debug|Any CPU.Build.0 = Debug|Any CPU
		{07682DE4-7BB4-4244-B620-F6CE0380A92C}.Release|Any CPU.ActiveCfg = Release|Any CPU
		{07682DE4-7BB4-4244-B620-F6CE0380A92C}.Release|Any CPU.Build.0 = Release|Any CPU
		{C24BDC52-4828-4039-BEF7-8F3068C008DE}.Debug|Any CPU.ActiveCfg = Debug|Any CPU
		{C24BDC52-4828-4039-BEF7-8F3068C008DE}.Debug|Any CPU.Build.0 = Debug|Any CPU
		{C24BDC52-4828-4039-BEF7-8F3068C008DE}.Release|Any CPU.ActiveCfg = Release|Any CPU
		{C24BDC52-4828-4039-BEF7-8F3068C008DE}.Release|Any CPU.Build.0 = Release|Any CPU
		{59CF448A-AC7C-4E6E-B7C3-182F087F2D07}.Debug|Any CPU.ActiveCfg = Debug|Any CPU
		{59CF448A-AC7C-4E6E-B7C3-182F087F2D07}.Debug|Any CPU.Build.0 = Debug|Any CPU
		{59CF448A-AC7C-4E6E-B7C3-182F087F2D07}.Release|Any CPU.ActiveCfg = Release|Any CPU
		{59CF448A-AC7C-4E6E-B7C3-182F087F2D07}.Release|Any CPU.Build.0 = Release|Any CPU
		{B17809AF-7838-46A9-95B8-E1A94D656ECC}.Debug|Any CPU.ActiveCfg = Debug|Any CPU
		{B17809AF-7838-46A9-95B8-E1A94D656ECC}.Debug|Any CPU.Build.0 = Debug|Any CPU
		{B17809AF-7838-46A9-95B8-E1A94D656ECC}.Release|Any CPU.ActiveCfg = Release|Any CPU
		{B17809AF-7838-46A9-95B8-E1A94D656ECC}.Release|Any CPU.Build.0 = Release|Any CPU
		{C202414E-60DD-483C-BF9D-C36C15EB168B}.Debug|Any CPU.ActiveCfg = Debug|Any CPU
		{C202414E-60DD-483C-BF9D-C36C15EB168B}.Debug|Any CPU.Build.0 = Debug|Any CPU
		{C202414E-60DD-483C-BF9D-C36C15EB168B}.Release|Any CPU.ActiveCfg = Release|Any CPU
		{C202414E-60DD-483C-BF9D-C36C15EB168B}.Release|Any CPU.Build.0 = Release|Any CPU
		{5B4FBEEE-827D-4FAA-A5D8-6BA29841E574}.Debug|Any CPU.ActiveCfg = Debug|Any CPU
		{5B4FBEEE-827D-4FAA-A5D8-6BA29841E574}.Debug|Any CPU.Build.0 = Debug|Any CPU
		{5B4FBEEE-827D-4FAA-A5D8-6BA29841E574}.Release|Any CPU.ActiveCfg = Release|Any CPU
		{06627582-F703-44D3-ADCD-89D4E63C48ED}.Debug|Any CPU.ActiveCfg = Debug|Any CPU
		{06627582-F703-44D3-ADCD-89D4E63C48ED}.Debug|Any CPU.Build.0 = Debug|Any CPU
		{06627582-F703-44D3-ADCD-89D4E63C48ED}.Release|Any CPU.ActiveCfg = Release|Any CPU
		{06627582-F703-44D3-ADCD-89D4E63C48ED}.Release|Any CPU.Build.0 = Release|Any CPU
	EndGlobalSection
	GlobalSection(SolutionProperties) = preSolution
		HideSolutionNode = FALSE
	EndGlobalSection
	GlobalSection(NestedProjects) = preSolution
		{05A90B6A-B206-42EC-9FBE-EBF7C8C54DEF} = {820142E6-2C1E-4F07-A4AE-58015C343026}
		{5B4FBEEE-827D-4FAA-A5D8-6BA29841E574} = {820142E6-2C1E-4F07-A4AE-58015C343026}
		{06627582-F703-44D3-ADCD-89D4E63C48ED} = {AFCF2473-12C8-4447-8455-364FE920B643}
	EndGlobalSection
	GlobalSection(ExtensibilityGlobals) = postSolution
		SolutionGuid = {B95C67B7-FD2C-46B7-9743-DF96F220E49B}
	EndGlobalSection
EndGlobal
